# THIS IS AN AUTOGENERATED FILE. DO NOT EDIT THIS FILE DIRECTLY.
# yarn lockfile v1


"@babel/parser@^7.16.4":
  version "7.20.1"
  resolved "https://registry.yarnpkg.com/@babel/parser/-/parser-7.20.1.tgz#3e045a92f7b4623cafc2425eddcb8cf2e54f9cc5"
  integrity sha512-hp0AYxaZJhxULfM1zyp7Wgr+pSUKBcP3M+PHnSzWGdXOzg/kHWIgiUWARvubhUKGOEw3xqY4x+lyZ9ytBVcELw==

"@esbuild/android-arm@0.15.13":
  version "0.15.13"
  resolved "https://registry.yarnpkg.com/@esbuild/android-arm/-/android-arm-0.15.13.tgz#ce11237a13ee76d5eae3908e47ba4ddd380af86a"
  integrity sha512-RY2fVI8O0iFUNvZirXaQ1vMvK0xhCcl0gqRj74Z6yEiO1zAUa7hbsdwZM1kzqbxHK7LFyMizipfXT3JME+12Hw==

"@esbuild/linux-loong64@0.15.13":
  version "0.15.13"
  resolved "https://registry.yarnpkg.com/@esbuild/linux-loong64/-/linux-loong64-0.15.13.tgz#64e8825bf0ce769dac94ee39d92ebe6272020dfc"
  integrity sha512-+BoyIm4I8uJmH/QDIH0fu7MG0AEx9OXEDXnqptXCwKOlOqZiS4iraH1Nr7/ObLMokW3sOCeBNyD68ATcV9b9Ag==

"@mdi/font@5.9.55":
  version "5.9.55"
  resolved "https://registry.yarnpkg.com/@mdi/font/-/font-5.9.55.tgz#41acd50b88073ded7095fc3029d8712b6e12f38e"
  integrity sha512-jswRF6q3eq8NWpWiqct6q+6Fg/I7nUhrxYJfiEM8JJpap0wVJLQdbKtyS65GdlK7S7Ytnx3TTi/bmw+tBhkGmg==

"@vitejs/plugin-vue@^3.0.3":
  version "3.2.0"
  resolved "https://registry.yarnpkg.com/@vitejs/plugin-vue/-/plugin-vue-3.2.0.tgz#a1484089dd85d6528f435743f84cdd0d215bbb54"
  integrity sha512-E0tnaL4fr+qkdCNxJ+Xd0yM31UwMkQje76fsDVBBUCoGOUPexu2VDUYHL8P4CwV+zMvWw6nlRw19OnRKmYAJpw==

"@vue/compiler-core@3.2.41":
  version "3.2.41"
  resolved "https://registry.yarnpkg.com/@vue/compiler-core/-/compiler-core-3.2.41.tgz#fb5b25f23817400f44377d878a0cdead808453ef"
  integrity sha512-oA4mH6SA78DT+96/nsi4p9DX97PHcNROxs51lYk7gb9Z4BPKQ3Mh+BLn6CQZBw857Iuhu28BfMSRHAlPvD4vlw==
  dependencies:
    "@babel/parser" "^7.16.4"
    "@vue/shared" "3.2.41"
    estree-walker "^2.0.2"
    source-map "^0.6.1"

"@vue/compiler-dom@3.2.41":
  version "3.2.41"
  resolved "https://registry.yarnpkg.com/@vue/compiler-dom/-/compiler-dom-3.2.41.tgz#dc63dcd3ce8ca8a8721f14009d498a7a54380299"
  integrity sha512-xe5TbbIsonjENxJsYRbDJvthzqxLNk+tb3d/c47zgREDa/PCp6/Y4gC/skM4H6PIuX5DAxm7fFJdbjjUH2QTMw==
  dependencies:
    "@vue/compiler-core" "3.2.41"
    "@vue/shared" "3.2.41"

"@vue/compiler-sfc@3.2.41":
  version "3.2.41"
  resolved "https://registry.yarnpkg.com/@vue/compiler-sfc/-/compiler-sfc-3.2.41.tgz#238fb8c48318408c856748f4116aff8cc1dc2a73"
  integrity sha512-+1P2m5kxOeaxVmJNXnBskAn3BenbTmbxBxWOtBq3mQTCokIreuMULFantBUclP0+KnzNCMOvcnKinqQZmiOF8w==
  dependencies:
    "@babel/parser" "^7.16.4"
    "@vue/compiler-core" "3.2.41"
    "@vue/compiler-dom" "3.2.41"
    "@vue/compiler-ssr" "3.2.41"
    "@vue/reactivity-transform" "3.2.41"
    "@vue/shared" "3.2.41"
    estree-walker "^2.0.2"
    magic-string "^0.25.7"
    postcss "^8.1.10"
    source-map "^0.6.1"

"@vue/compiler-ssr@3.2.41":
  version "3.2.41"
  resolved "https://registry.yarnpkg.com/@vue/compiler-ssr/-/compiler-ssr-3.2.41.tgz#344f564d68584b33367731c04ffc949784611fcb"
  integrity sha512-Y5wPiNIiaMz/sps8+DmhaKfDm1xgj6GrH99z4gq2LQenfVQcYXmHIOBcs5qPwl7jaW3SUQWjkAPKMfQemEQZwQ==
  dependencies:
    "@vue/compiler-dom" "3.2.41"
    "@vue/shared" "3.2.41"

"@vue/reactivity-transform@3.2.41":
  version "3.2.41"
  resolved "https://registry.yarnpkg.com/@vue/reactivity-transform/-/reactivity-transform-3.2.41.tgz#9ff938877600c97f646e09ac1959b5150fb11a0c"
  integrity sha512-mK5+BNMsL4hHi+IR3Ft/ho6Za+L3FA5j8WvreJ7XzHrqkPq8jtF/SMo7tuc9gHjLDwKZX1nP1JQOKo9IEAn54A==
  dependencies:
    "@babel/parser" "^7.16.4"
    "@vue/compiler-core" "3.2.41"
    "@vue/shared" "3.2.41"
    estree-walker "^2.0.2"
    magic-string "^0.25.7"

"@vue/reactivity@3.2.41":
  version "3.2.41"
  resolved "https://registry.yarnpkg.com/@vue/reactivity/-/reactivity-3.2.41.tgz#0ad3bdf76d76822da1502dc9f394dafd02642963"
  integrity sha512-9JvCnlj8uc5xRiQGZ28MKGjuCoPhhTwcoAdv3o31+cfGgonwdPNuvqAXLhlzu4zwqavFEG5tvaoINQEfxz+l6g==
  dependencies:
    "@vue/shared" "3.2.41"

"@vue/runtime-core@3.2.41":
  version "3.2.41"
  resolved "https://registry.yarnpkg.com/@vue/runtime-core/-/runtime-core-3.2.41.tgz#775bfc00b3fadbaddab77138f23322aee3517a76"
  integrity sha512-0LBBRwqnI0p4FgIkO9q2aJBBTKDSjzhnxrxHYengkAF6dMOjeAIZFDADAlcf2h3GDALWnblbeprYYpItiulSVQ==
  dependencies:
    "@vue/reactivity" "3.2.41"
    "@vue/shared" "3.2.41"

"@vue/runtime-dom@3.2.41":
  version "3.2.41"
  resolved "https://registry.yarnpkg.com/@vue/runtime-dom/-/runtime-dom-3.2.41.tgz#cdf86be7410f7b15c29632a96ce879e5b4c9ab92"
  integrity sha512-U7zYuR1NVIP8BL6jmOqmapRAHovEFp7CSw4pR2FacqewXNGqZaRfHoNLQsqQvVQ8yuZNZtxSZy0FFyC70YXPpA==
  dependencies:
    "@vue/runtime-core" "3.2.41"
    "@vue/shared" "3.2.41"
    csstype "^2.6.8"

"@vue/server-renderer@3.2.41":
  version "3.2.41"
  resolved "https://registry.yarnpkg.com/@vue/server-renderer/-/server-renderer-3.2.41.tgz#ca64552c05878f94e8d191ac439141c06c0fb2ad"
  integrity sha512-7YHLkfJdTlsZTV0ae5sPwl9Gn/EGr2hrlbcS/8naXm2CDpnKUwC68i1wGlrYAfIgYWL7vUZwk2GkYLQH5CvFig==
  dependencies:
    "@vue/compiler-ssr" "3.2.41"
    "@vue/shared" "3.2.41"

"@vue/shared@3.2.41":
  version "3.2.41"
  resolved "https://registry.yarnpkg.com/@vue/shared/-/shared-3.2.41.tgz#fbc95422df654ea64e8428eced96ba6ad555d2bb"
  integrity sha512-W9mfWLHmJhkfAmV+7gDjcHeAWALQtgGT3JErxULl0oz6R6+3ug91I7IErs93eCFhPCZPHBs4QJS7YWEV7A3sxw==

"@vuetify/loader-shared@^1.7.0":
  version "1.7.0"
  resolved "https://registry.yarnpkg.com/@vuetify/loader-shared/-/loader-shared-1.7.0.tgz#b3bea7f90795dd8efdb536b192335590d85bffdd"
  integrity sha512-Db4K67wMhduDsbvdRBYkrYuomti+j0E/1vlz1lnDng5F9LYYBcXa60qypIazVGI6GX/CuY1vshN6XGtGQI4FKg==
  dependencies:
    find-cache-dir "^3.3.2"
    upath "^2.0.1"

asynckit@^0.4.0:
  version "0.4.0"
  resolved "https://registry.yarnpkg.com/asynckit/-/asynckit-0.4.0.tgz#c79ed97f7f34cb8f2ba1bc9790bcc366474b4b79"
  integrity sha512-Oei9OH4tRh0YqU3GxhX79dM/mwVgvbZJaSNaRk+bshkj0S5cfHcgYakreBjrHwatXKbz+IoIdYLxrKim2MjW0Q==

axios@^1.1.3:
  version "1.1.3"
  resolved "https://registry.yarnpkg.com/axios/-/axios-1.1.3.tgz#8274250dada2edf53814ed7db644b9c2866c1e35"
  integrity sha512-00tXVRwKx/FZr/IDVFt4C+f9FYairX517WoGCL6dpOntqLkZofjhu43F/Xl44UOpqa+9sLFDrG/XAnFsUYgkDA==
  dependencies:
    follow-redirects "^1.15.0"
    form-data "^4.0.0"
    proxy-from-env "^1.1.0"

combined-stream@^1.0.8:
  version "1.0.8"
  resolved "https://registry.yarnpkg.com/combined-stream/-/combined-stream-1.0.8.tgz#c3d45a8b34fd730631a110a8a2520682b31d5a7f"
  integrity sha512-FQN4MRfuJeHf7cBbBMJFXhKSDq+2kAArBlmRBvcvFE5BB1HZKXtSFASDhdlz9zOYwxh8lDdnvmMOe/+5cdoEdg==
  dependencies:
    delayed-stream "~1.0.0"

commander@7:
  version "7.2.0"
  resolved "https://registry.yarnpkg.com/commander/-/commander-7.2.0.tgz#a36cb57d0b501ce108e4d20559a150a391d97ab7"
  integrity sha512-QrWXB+ZQSVPmIWIhtEO9H+gwHaMGYiF5ChvoJ+K9ZGHG/sVsa6yiesAD1GC/x46sET00Xlwo1u49RVVVzvcSkw==

commondir@^1.0.1:
  version "1.0.1"
  resolved "https://registry.yarnpkg.com/commondir/-/commondir-1.0.1.tgz#ddd800da0c66127393cca5950ea968a3aaf1253b"
  integrity sha512-W9pAhw0ja1Edb5GVdIF1mjZw/ASI0AlShXM83UUGe2DVr5TdAPEA1OA8m/g8zWp9x6On7gqufY+FatDbC3MDQg==

csstype@^2.6.8:
  version "2.6.21"
  resolved "https://registry.yarnpkg.com/csstype/-/csstype-2.6.21.tgz#2efb85b7cc55c80017c66a5ad7cbd931fda3a90e"
  integrity sha512-Z1PhmomIfypOpoMjRQB70jfvy/wxT50qW08YXO5lMIJkrdq4yOTR+AW7FqutScmB9NkLwxo+jU+kZLbofZZq/w==

"d3-array@2 - 3", "d3-array@2.10.0 - 3", "d3-array@2.5.0 - 3", d3-array@3, d3-array@^3.2.0:
  version "3.2.0"
  resolved "https://registry.yarnpkg.com/d3-array/-/d3-array-3.2.0.tgz#15bf96cd9b7333e02eb8de8053d78962eafcff14"
  integrity sha512-3yXFQo0oG3QCxbF06rMPFyGRMGJNS7NvsV1+2joOjbBE+9xvWQ8+GcMJAjRCzw06zQ3/arXeJgbPYcjUCuC+3g==
  dependencies:
    internmap "1 - 2"

d3-axis@3:
  version "3.0.0"
  resolved "https://registry.yarnpkg.com/d3-axis/-/d3-axis-3.0.0.tgz#c42a4a13e8131d637b745fc2973824cfeaf93322"
  integrity sha512-IH5tgjV4jE/GhHkRV0HiVYPDtvfjHQlQfJHs0usq7M30XcSBvOotpmH1IgkcXsO/5gEQZD43B//fc7SRT5S+xw==

d3-brush@3:
  version "3.0.0"
  resolved "https://registry.yarnpkg.com/d3-brush/-/d3-brush-3.0.0.tgz#6f767c4ed8dcb79de7ede3e1c0f89e63ef64d31c"
  integrity sha512-ALnjWlVYkXsVIGlOsuWH1+3udkYFI48Ljihfnh8FZPF2QS9o+PzGLBslO0PjzVoHLZ2KCVgAM8NVkXPJB2aNnQ==
  dependencies:
    d3-dispatch "1 - 3"
    d3-drag "2 - 3"
    d3-interpolate "1 - 3"
    d3-selection "3"
    d3-transition "3"

d3-chord@3:
  version "3.0.1"
  resolved "https://registry.yarnpkg.com/d3-chord/-/d3-chord-3.0.1.tgz#d156d61f485fce8327e6abf339cb41d8cbba6966"
  integrity sha512-VE5S6TNa+j8msksl7HwjxMHDM2yNK3XCkusIlpX5kwauBfXuyLAtNg9jCp/iHH61tgI4sb6R/EIMWCqEIdjT/g==
  dependencies:
    d3-path "1 - 3"

"d3-color@1 - 3", d3-color@3:
  version "3.1.0"
  resolved "https://registry.yarnpkg.com/d3-color/-/d3-color-3.1.0.tgz#395b2833dfac71507f12ac2f7af23bf819de24e2"
  integrity sha512-zg/chbXyeBtMQ1LbD/WSoW2DpC3I0mpmPdW+ynRTj/x2DAWYrIY7qeZIHidozwV24m4iavr15lNwIwLxRmOxhA==

d3-contour@4:
  version "4.0.0"
  resolved "https://registry.yarnpkg.com/d3-contour/-/d3-contour-4.0.0.tgz#5a1337c6da0d528479acdb5db54bc81a0ff2ec6b"
  integrity sha512-7aQo0QHUTu/Ko3cP9YK9yUTxtoDEiDGwnBHyLxG5M4vqlBkO/uixMRele3nfsfj6UXOcuReVpVXzAboGraYIJw==
  dependencies:
    d3-array "^3.2.0"

d3-delaunay@6:
  version "6.0.2"
  resolved "https://registry.yarnpkg.com/d3-delaunay/-/d3-delaunay-6.0.2.tgz#7fd3717ad0eade2fc9939f4260acfb503f984e92"
  integrity sha512-IMLNldruDQScrcfT+MWnazhHbDJhcRJyOEBAJfwQnHle1RPh6WDuLvxNArUju2VSMSUuKlY5BGHRJ2cYyoFLQQ==
  dependencies:
    delaunator "5"

"d3-dispatch@1 - 3", d3-dispatch@3:
  version "3.0.1"
  resolved "https://registry.yarnpkg.com/d3-dispatch/-/d3-dispatch-3.0.1.tgz#5fc75284e9c2375c36c839411a0cf550cbfc4d5e"
  integrity sha512-rzUyPU/S7rwUflMyLc1ETDeBj0NRuHKKAcvukozwhshr6g6c5d8zh4c2gQjY2bZ0dXeGLWc1PF174P2tVvKhfg==

"d3-drag@2 - 3", d3-drag@3:
  version "3.0.0"
  resolved "https://registry.yarnpkg.com/d3-drag/-/d3-drag-3.0.0.tgz#994aae9cd23c719f53b5e10e3a0a6108c69607ba"
  integrity sha512-pWbUJLdETVA8lQNJecMxoXfH6x+mO2UQo8rSmZ+QqxcbyA3hfeprFgIT//HW2nlHChWeIIMwS2Fq+gEARkhTkg==
  dependencies:
    d3-dispatch "1 - 3"
    d3-selection "3"

"d3-dsv@1 - 3", d3-dsv@3:
  version "3.0.1"
  resolved "https://registry.yarnpkg.com/d3-dsv/-/d3-dsv-3.0.1.tgz#c63af978f4d6a0d084a52a673922be2160789b73"
  integrity sha512-UG6OvdI5afDIFP9w4G0mNq50dSOsXHJaRE8arAS5o9ApWnIElp8GZw1Dun8vP8OyHOZ/QJUKUJwxiiCCnUwm+Q==
  dependencies:
    commander "7"
    iconv-lite "0.6"
    rw "1"

"d3-ease@1 - 3", d3-ease@3:
  version "3.0.1"
  resolved "https://registry.yarnpkg.com/d3-ease/-/d3-ease-3.0.1.tgz#9658ac38a2140d59d346160f1f6c30fda0bd12f4"
  integrity sha512-wR/XK3D3XcLIZwpbvQwQ5fK+8Ykds1ip7A2Txe0yxncXSdq1L9skcG7blcedkOX+ZcgxGAmLX1FrRGbADwzi0w==

d3-fetch@3:
  version "3.0.1"
  resolved "https://registry.yarnpkg.com/d3-fetch/-/d3-fetch-3.0.1.tgz#83141bff9856a0edb5e38de89cdcfe63d0a60a22"
  integrity sha512-kpkQIM20n3oLVBKGg6oHrUchHM3xODkTzjMoj7aWQFq5QEM+R6E4WkzT5+tojDY7yjez8KgCBRoj4aEr99Fdqw==
  dependencies:
    d3-dsv "1 - 3"

d3-force@3:
  version "3.0.0"
  resolved "https://registry.yarnpkg.com/d3-force/-/d3-force-3.0.0.tgz#3e2ba1a61e70888fe3d9194e30d6d14eece155c4"
  integrity sha512-zxV/SsA+U4yte8051P4ECydjD/S+qeYtnaIyAs9tgHCqfguma/aAQDjo85A9Z6EKhBirHRJHXIgJUlffT4wdLg==
  dependencies:
    d3-dispatch "1 - 3"
    d3-quadtree "1 - 3"
    d3-timer "1 - 3"

"d3-format@1 - 3", d3-format@3:
  version "3.1.0"
  resolved "https://registry.yarnpkg.com/d3-format/-/d3-format-3.1.0.tgz#9260e23a28ea5cb109e93b21a06e24e2ebd55641"
  integrity sha512-YyUI6AEuY/Wpt8KWLgZHsIU86atmikuoOmCfommt0LYHiQSPjvX2AcFc38PX0CBpr2RCyZhjex+NS/LPOv6YqA==

d3-geo@3:
  version "3.0.1"
  resolved "https://registry.yarnpkg.com/d3-geo/-/d3-geo-3.0.1.tgz#4f92362fd8685d93e3b1fae0fd97dc8980b1ed7e"
  integrity sha512-Wt23xBych5tSy9IYAM1FR2rWIBFWa52B/oF/GYe5zbdHrg08FU8+BuI6X4PvTwPDdqdAdq04fuWJpELtsaEjeA==
  dependencies:
    d3-array "2.5.0 - 3"

d3-hierarchy@3:
  version "3.1.2"
  resolved "https://registry.yarnpkg.com/d3-hierarchy/-/d3-hierarchy-3.1.2.tgz#b01cd42c1eed3d46db77a5966cf726f8c09160c6"
  integrity sha512-FX/9frcub54beBdugHjDCdikxThEqjnR93Qt7PvQTOHxyiNCAlvMrHhclk3cD5VeAaq9fxmfRp+CnWw9rEMBuA==

"d3-interpolate@1 - 3", "d3-interpolate@1.2.0 - 3", d3-interpolate@3:
  version "3.0.1"
  resolved "https://registry.yarnpkg.com/d3-interpolate/-/d3-interpolate-3.0.1.tgz#3c47aa5b32c5b3dfb56ef3fd4342078a632b400d"
  integrity sha512-3bYs1rOD33uo8aqJfKP3JWPAibgw8Zm2+L9vBKEHJ2Rg+viTR7o5Mmv5mZcieN+FRYaAOWX5SJATX6k1PWz72g==
  dependencies:
    d3-color "1 - 3"

"d3-path@1 - 3", d3-path@3:
  version "3.0.1"
  resolved "https://registry.yarnpkg.com/d3-path/-/d3-path-3.0.1.tgz#f09dec0aaffd770b7995f1a399152bf93052321e"
  integrity sha512-gq6gZom9AFZby0YLduxT1qmrp4xpBA1YZr19OI717WIdKE2OM5ETq5qrHLb301IgxhLwcuxvGZVLeeWc/k1I6w==

d3-polygon@3:
  version "3.0.1"
  resolved "https://registry.yarnpkg.com/d3-polygon/-/d3-polygon-3.0.1.tgz#0b45d3dd1c48a29c8e057e6135693ec80bf16398"
  integrity sha512-3vbA7vXYwfe1SYhED++fPUQlWSYTTGmFmQiany/gdbiWgU/iEyQzyymwL9SkJjFFuCS4902BSzewVGsHHmHtXg==

"d3-quadtree@1 - 3", d3-quadtree@3:
  version "3.0.1"
  resolved "https://registry.yarnpkg.com/d3-quadtree/-/d3-quadtree-3.0.1.tgz#6dca3e8be2b393c9a9d514dabbd80a92deef1a4f"
  integrity sha512-04xDrxQTDTCFwP5H6hRhsRcb9xxv2RzkcsygFzmkSIOJy3PeRJP7sNk3VRIbKXcog561P9oU0/rVH6vDROAgUw==

d3-random@3:
  version "3.0.1"
  resolved "https://registry.yarnpkg.com/d3-random/-/d3-random-3.0.1.tgz#d4926378d333d9c0bfd1e6fa0194d30aebaa20f4"
  integrity sha512-FXMe9GfxTxqd5D6jFsQ+DJ8BJS4E/fT5mqqdjovykEB2oFbTMDVdg1MGFxfQW+FBOGoB++k8swBrgwSHT1cUXQ==

d3-scale-chromatic@3:
  version "3.0.0"
  resolved "https://registry.yarnpkg.com/d3-scale-chromatic/-/d3-scale-chromatic-3.0.0.tgz#15b4ceb8ca2bb0dcb6d1a641ee03d59c3b62376a"
  integrity sha512-Lx9thtxAKrO2Pq6OO2Ua474opeziKr279P/TKZsMAhYyNDD3EnCffdbgeSYN5O7m2ByQsxtuP2CSDczNUIZ22g==
  dependencies:
    d3-color "1 - 3"
    d3-interpolate "1 - 3"

d3-scale@4:
  version "4.0.2"
  resolved "https://registry.yarnpkg.com/d3-scale/-/d3-scale-4.0.2.tgz#82b38e8e8ff7080764f8dcec77bd4be393689396"
  integrity sha512-GZW464g1SH7ag3Y7hXjf8RoUuAFIqklOAq3MRl4OaWabTFJY9PN/E1YklhXLh+OQ3fM9yS2nOkCoS+WLZ6kvxQ==
  dependencies:
    d3-array "2.10.0 - 3"
    d3-format "1 - 3"
    d3-interpolate "1.2.0 - 3"
    d3-time "2.1.1 - 3"
    d3-time-format "2 - 4"

"d3-selection@2 - 3", d3-selection@3:
  version "3.0.0"
  resolved "https://registry.yarnpkg.com/d3-selection/-/d3-selection-3.0.0.tgz#c25338207efa72cc5b9bd1458a1a41901f1e1b31"
  integrity sha512-fmTRWbNMmsmWq6xJV8D19U/gw/bwrHfNXxrIN+HfZgnzqTHp9jOmKMhsTUjXOJnZOdZY9Q28y4yebKzqDKlxlQ==

d3-shape@3:
  version "3.1.0"
  resolved "https://registry.yarnpkg.com/d3-shape/-/d3-shape-3.1.0.tgz#c8a495652d83ea6f524e482fca57aa3f8bc32556"
  integrity sha512-tGDh1Muf8kWjEDT/LswZJ8WF85yDZLvVJpYU9Nq+8+yW1Z5enxrmXOhTArlkaElU+CTn0OTVNli+/i+HP45QEQ==
  dependencies:
    d3-path "1 - 3"

"d3-time-format@2 - 4", d3-time-format@4:
  version "4.1.0"
  resolved "https://registry.yarnpkg.com/d3-time-format/-/d3-time-format-4.1.0.tgz#7ab5257a5041d11ecb4fe70a5c7d16a195bb408a"
  integrity sha512-dJxPBlzC7NugB2PDLwo9Q8JiTR3M3e4/XANkreKSUxF8vvXKqm1Yfq4Q5dl8budlunRVlUUaDUgFt7eA8D6NLg==
  dependencies:
    d3-time "1 - 3"

"d3-time@1 - 3", "d3-time@2.1.1 - 3", d3-time@3:
  version "3.0.0"
  resolved "https://registry.yarnpkg.com/d3-time/-/d3-time-3.0.0.tgz#65972cb98ae2d4954ef5c932e8704061335d4975"
  integrity sha512-zmV3lRnlaLI08y9IMRXSDshQb5Nj77smnfpnd2LrBa/2K281Jijactokeak14QacHs/kKq0AQ121nidNYlarbQ==
  dependencies:
    d3-array "2 - 3"

"d3-timer@1 - 3", d3-timer@3:
  version "3.0.1"
  resolved "https://registry.yarnpkg.com/d3-timer/-/d3-timer-3.0.1.tgz#6284d2a2708285b1abb7e201eda4380af35e63b0"
  integrity sha512-ndfJ/JxxMd3nw31uyKoY2naivF+r29V+Lc0svZxe1JvvIRmi8hUsrMvdOwgS1o6uBHmiz91geQ0ylPP0aj1VUA==

"d3-transition@2 - 3", d3-transition@3:
  version "3.0.1"
  resolved "https://registry.yarnpkg.com/d3-transition/-/d3-transition-3.0.1.tgz#6869fdde1448868077fdd5989200cb61b2a1645f"
  integrity sha512-ApKvfjsSR6tg06xrL434C0WydLr7JewBB3V+/39RMHsaXTOG0zmt/OAXeng5M5LBm0ojmxJrpomQVZ1aPvBL4w==
  dependencies:
    d3-color "1 - 3"
    d3-dispatch "1 - 3"
    d3-ease "1 - 3"
    d3-interpolate "1 - 3"
    d3-timer "1 - 3"

d3-zoom@3:
  version "3.0.0"
  resolved "https://registry.yarnpkg.com/d3-zoom/-/d3-zoom-3.0.0.tgz#d13f4165c73217ffeaa54295cd6969b3e7aee8f3"
  integrity sha512-b8AmV3kfQaqWAuacbPuNbL6vahnOJflOhexLzMMNLga62+/nh0JzvJ0aO/5a5MVgUFGS7Hu1P9P03o3fJkDCyw==
  dependencies:
    d3-dispatch "1 - 3"
    d3-drag "2 - 3"
    d3-interpolate "1 - 3"
    d3-selection "2 - 3"
    d3-transition "2 - 3"

d3@^7.6.1:
  version "7.6.1"
  resolved "https://registry.yarnpkg.com/d3/-/d3-7.6.1.tgz#b21af9563485ed472802f8c611cc43be6c37c40c"
  integrity sha512-txMTdIHFbcpLx+8a0IFhZsbp+PfBBPt8yfbmukZTQFroKuFqIwqswF0qE5JXWefylaAVpSXFoKm3yP+jpNLFLw==
  dependencies:
    d3-array "3"
    d3-axis "3"
    d3-brush "3"
    d3-chord "3"
    d3-color "3"
    d3-contour "4"
    d3-delaunay "6"
    d3-dispatch "3"
    d3-drag "3"
    d3-dsv "3"
    d3-ease "3"
    d3-fetch "3"
    d3-force "3"
    d3-format "3"
    d3-geo "3"
    d3-hierarchy "3"
    d3-interpolate "3"
    d3-path "3"
    d3-polygon "3"
    d3-quadtree "3"
    d3-random "3"
    d3-scale "4"
    d3-scale-chromatic "3"
    d3-selection "3"
    d3-shape "3"
    d3-time "3"
    d3-time-format "4"
    d3-timer "3"
    d3-transition "3"
    d3-zoom "3"

debug@^4.3.3:
  version "4.3.4"
  resolved "https://registry.yarnpkg.com/debug/-/debug-4.3.4.tgz#1319f6579357f2338d3337d2cdd4914bb5dcc865"
  integrity sha512-PRWFHuSU3eDtQJPvnNY7Jcket1j0t5OuOsFzPPzsekD52Zl8qUfFIPEiswXqIvHWGVHOgX+7G/vCNNhehwxfkQ==
  dependencies:
    ms "2.1.2"

delaunator@5:
  version "5.0.0"
  resolved "https://registry.yarnpkg.com/delaunator/-/delaunator-5.0.0.tgz#60f052b28bd91c9b4566850ebf7756efe821d81b"
  integrity sha512-AyLvtyJdbv/U1GkiS6gUUzclRoAY4Gs75qkMygJJhU75LW4DNuSF2RMzpxs9jw9Oz1BobHjTdkG3zdP55VxAqw==
  dependencies:
    robust-predicates "^3.0.0"

delayed-stream@~1.0.0:
  version "1.0.0"
  resolved "https://registry.yarnpkg.com/delayed-stream/-/delayed-stream-1.0.0.tgz#df3ae199acadfb7d440aaae0b29e2272b24ec619"
  integrity sha512-ZySD7Nf91aLB0RxL4KGrKHBXl7Eds1DAmEdcoVawXnLD7SDhpNgtuII2aAkg7a7QS41jxPSZ17p4VdGnMHk3MQ==

esbuild-android-64@0.15.13:
  version "0.15.13"
  resolved "https://registry.yarnpkg.com/esbuild-android-64/-/esbuild-android-64-0.15.13.tgz#5f25864055dbd62e250f360b38b4c382224063af"
  integrity sha512-yRorukXBlokwTip+Sy4MYskLhJsO0Kn0/Fj43s1krVblfwP+hMD37a4Wmg139GEsMLl+vh8WXp2mq/cTA9J97g==

esbuild-android-arm64@0.15.13:
  version "0.15.13"
  resolved "https://registry.yarnpkg.com/esbuild-android-arm64/-/esbuild-android-arm64-0.15.13.tgz#d8820f999314efbe8e0f050653a99ff2da632b0f"
  integrity sha512-TKzyymLD6PiVeyYa4c5wdPw87BeAiTXNtK6amWUcXZxkV51gOk5u5qzmDaYSwiWeecSNHamFsaFjLoi32QR5/w==

esbuild-darwin-64@0.15.13:
  version "0.15.13"
  resolved "https://registry.yarnpkg.com/esbuild-darwin-64/-/esbuild-darwin-64-0.15.13.tgz#99ae7fdaa43947b06cd9d1a1c3c2c9f245d81fd0"
  integrity sha512-WAx7c2DaOS6CrRcoYCgXgkXDliLnFv3pQLV6GeW1YcGEZq2Gnl8s9Pg7ahValZkpOa0iE/ojRVQ87sbUhF1Cbg==

esbuild-darwin-arm64@0.15.13:
  version "0.15.13"
  resolved "https://registry.yarnpkg.com/esbuild-darwin-arm64/-/esbuild-darwin-arm64-0.15.13.tgz#bafa1814354ad1a47adcad73de416130ef7f55e3"
  integrity sha512-U6jFsPfSSxC3V1CLiQqwvDuj3GGrtQNB3P3nNC3+q99EKf94UGpsG9l4CQ83zBs1NHrk1rtCSYT0+KfK5LsD8A==

esbuild-freebsd-64@0.15.13:
  version "0.15.13"
  resolved "https://registry.yarnpkg.com/esbuild-freebsd-64/-/esbuild-freebsd-64-0.15.13.tgz#84ef85535c5cc38b627d1c5115623b088d1de161"
  integrity sha512-whItJgDiOXaDG/idy75qqevIpZjnReZkMGCgQaBWZuKHoElDJC1rh7MpoUgupMcdfOd+PgdEwNQW9DAE6i8wyA==

esbuild-freebsd-arm64@0.15.13:
  version "0.15.13"
  resolved "https://registry.yarnpkg.com/esbuild-freebsd-arm64/-/esbuild-freebsd-arm64-0.15.13.tgz#033f21de434ec8e0c478054b119af8056763c2d8"
  integrity sha512-6pCSWt8mLUbPtygv7cufV0sZLeylaMwS5Fznj6Rsx9G2AJJsAjQ9ifA+0rQEIg7DwJmi9it+WjzNTEAzzdoM3Q==

esbuild-linux-32@0.15.13:
  version "0.15.13"
  resolved "https://registry.yarnpkg.com/esbuild-linux-32/-/esbuild-linux-32-0.15.13.tgz#54290ea8035cba0faf1791ce9ae6693005512535"
  integrity sha512-VbZdWOEdrJiYApm2kkxoTOgsoCO1krBZ3quHdYk3g3ivWaMwNIVPIfEE0f0XQQ0u5pJtBsnk2/7OPiCFIPOe/w==

esbuild-linux-64@0.15.13:
  version "0.15.13"
  resolved "https://registry.yarnpkg.com/esbuild-linux-64/-/esbuild-linux-64-0.15.13.tgz#4264249281ea388ead948614b57fb1ddf7779a2c"
  integrity sha512-rXmnArVNio6yANSqDQlIO4WiP+Cv7+9EuAHNnag7rByAqFVuRusLbGi2697A5dFPNXoO//IiogVwi3AdcfPC6A==

esbuild-linux-arm64@0.15.13:
  version "0.15.13"
  resolved "https://registry.yarnpkg.com/esbuild-linux-arm64/-/esbuild-linux-arm64-0.15.13.tgz#9323c333924f97a02bdd2ae8912b36298acb312d"
  integrity sha512-alEMGU4Z+d17U7KQQw2IV8tQycO6T+rOrgW8OS22Ua25x6kHxoG6Ngry6Aq6uranC+pNWNMB6aHFPh7aTQdORQ==

esbuild-linux-arm@0.15.13:
  version "0.15.13"
  resolved "https://registry.yarnpkg.com/esbuild-linux-arm/-/esbuild-linux-arm-0.15.13.tgz#b407f47b3ae721fe4e00e19e9f19289bef87a111"
  integrity sha512-Ac6LpfmJO8WhCMQmO253xX2IU2B3wPDbl4IvR0hnqcPrdfCaUa2j/lLMGTjmQ4W5JsJIdHEdW12dG8lFS0MbxQ==

esbuild-linux-mips64le@0.15.13:
  version "0.15.13"
  resolved "https://registry.yarnpkg.com/esbuild-linux-mips64le/-/esbuild-linux-mips64le-0.15.13.tgz#bdf905aae5c0bcaa8f83567fe4c4c1bdc1f14447"
  integrity sha512-47PgmyYEu+yN5rD/MbwS6DxP2FSGPo4Uxg5LwIdxTiyGC2XKwHhHyW7YYEDlSuXLQXEdTO7mYe8zQ74czP7W8A==

esbuild-linux-ppc64le@0.15.13:
  version "0.15.13"
  resolved "https://registry.yarnpkg.com/esbuild-linux-ppc64le/-/esbuild-linux-ppc64le-0.15.13.tgz#2911eae1c90ff58a3bd3259cb557235df25aa3b4"
  integrity sha512-z6n28h2+PC1Ayle9DjKoBRcx/4cxHoOa2e689e2aDJSaKug3jXcQw7mM+GLg+9ydYoNzj8QxNL8ihOv/OnezhA==

esbuild-linux-riscv64@0.15.13:
  version "0.15.13"
  resolved "https://registry.yarnpkg.com/esbuild-linux-riscv64/-/esbuild-linux-riscv64-0.15.13.tgz#1837c660be12b1d20d2a29c7189ea703f93e9265"
  integrity sha512-+Lu4zuuXuQhgLUGyZloWCqTslcCAjMZH1k3Xc9MSEJEpEFdpsSU0sRDXAnk18FKOfEjhu4YMGaykx9xjtpA6ow==

esbuild-linux-s390x@0.15.13:
  version "0.15.13"
  resolved "https://registry.yarnpkg.com/esbuild-linux-s390x/-/esbuild-linux-s390x-0.15.13.tgz#d52880ece229d1bd10b2d936b792914ffb07c7fc"
  integrity sha512-BMeXRljruf7J0TMxD5CIXS65y7puiZkAh+s4XFV9qy16SxOuMhxhVIXYLnbdfLrsYGFzx7U9mcdpFWkkvy/Uag==

esbuild-netbsd-64@0.15.13:
  version "0.15.13"
  resolved "https://registry.yarnpkg.com/esbuild-netbsd-64/-/esbuild-netbsd-64-0.15.13.tgz#de14da46f1d20352b43e15d97a80a8788275e6ed"
  integrity sha512-EHj9QZOTel581JPj7UO3xYbltFTYnHy+SIqJVq6yd3KkCrsHRbapiPb0Lx3EOOtybBEE9EyqbmfW1NlSDsSzvQ==

esbuild-openbsd-64@0.15.13:
  version "0.15.13"
  resolved "https://registry.yarnpkg.com/esbuild-openbsd-64/-/esbuild-openbsd-64-0.15.13.tgz#45e8a5fd74d92ad8f732c43582369c7990f5a0ac"
  integrity sha512-nkuDlIjF/sfUhfx8SKq0+U+Fgx5K9JcPq1mUodnxI0x4kBdCv46rOGWbuJ6eof2n3wdoCLccOoJAbg9ba/bT2w==

esbuild-sunos-64@0.15.13:
  version "0.15.13"
  resolved "https://registry.yarnpkg.com/esbuild-sunos-64/-/esbuild-sunos-64-0.15.13.tgz#f646ac3da7aac521ee0fdbc192750c87da697806"
  integrity sha512-jVeu2GfxZQ++6lRdY43CS0Tm/r4WuQQ0Pdsrxbw+aOrHQPHV0+LNOLnvbN28M7BSUGnJnHkHm2HozGgNGyeIRw==

esbuild-windows-32@0.15.13:
  version "0.15.13"
  resolved "https://registry.yarnpkg.com/esbuild-windows-32/-/esbuild-windows-32-0.15.13.tgz#fb4fe77c7591418880b3c9b5900adc4c094f2401"
  integrity sha512-XoF2iBf0wnqo16SDq+aDGi/+QbaLFpkiRarPVssMh9KYbFNCqPLlGAWwDvxEVz+ywX6Si37J2AKm+AXq1kC0JA==

esbuild-windows-64@0.15.13:
  version "0.15.13"
  resolved "https://registry.yarnpkg.com/esbuild-windows-64/-/esbuild-windows-64-0.15.13.tgz#1fca8c654392c0c31bdaaed168becfea80e20660"
  integrity sha512-Et6htEfGycjDrtqb2ng6nT+baesZPYQIW+HUEHK4D1ncggNrDNk3yoboYQ5KtiVrw/JaDMNttz8rrPubV/fvPQ==

esbuild-windows-arm64@0.15.13:
  version "0.15.13"
  resolved "https://registry.yarnpkg.com/esbuild-windows-arm64/-/esbuild-windows-arm64-0.15.13.tgz#4ffd01b6b2888603f1584a2fe96b1f6a6f2b3dd8"
  integrity sha512-3bv7tqntThQC9SWLRouMDmZnlOukBhOCTlkzNqzGCmrkCJI7io5LLjwJBOVY6kOUlIvdxbooNZwjtBvj+7uuVg==

esbuild@^0.15.9:
  version "0.15.13"
  resolved "https://registry.yarnpkg.com/esbuild/-/esbuild-0.15.13.tgz#7293480038feb2bafa91d3f6a20edab3ba6c108a"
  integrity sha512-Cu3SC84oyzzhrK/YyN4iEVy2jZu5t2fz66HEOShHURcjSkOSAVL8C/gfUT+lDJxkVHpg8GZ10DD0rMHRPqMFaQ==
  optionalDependencies:
    "@esbuild/android-arm" "0.15.13"
    "@esbuild/linux-loong64" "0.15.13"
    esbuild-android-64 "0.15.13"
    esbuild-android-arm64 "0.15.13"
    esbuild-darwin-64 "0.15.13"
    esbuild-darwin-arm64 "0.15.13"
    esbuild-freebsd-64 "0.15.13"
    esbuild-freebsd-arm64 "0.15.13"
    esbuild-linux-32 "0.15.13"
    esbuild-linux-64 "0.15.13"
    esbuild-linux-arm "0.15.13"
    esbuild-linux-arm64 "0.15.13"
    esbuild-linux-mips64le "0.15.13"
    esbuild-linux-ppc64le "0.15.13"
    esbuild-linux-riscv64 "0.15.13"
    esbuild-linux-s390x "0.15.13"
    esbuild-netbsd-64 "0.15.13"
    esbuild-openbsd-64 "0.15.13"
    esbuild-sunos-64 "0.15.13"
    esbuild-windows-32 "0.15.13"
    esbuild-windows-64 "0.15.13"
    esbuild-windows-arm64 "0.15.13"

estree-walker@^2.0.2:
  version "2.0.2"
  resolved "https://registry.yarnpkg.com/estree-walker/-/estree-walker-2.0.2.tgz#52f010178c2a4c117a7757cfe942adb7d2da4cac"
  integrity sha512-Rfkk/Mp/DL7JVje3u18FxFujQlTNR2q6QfMSMB7AvCBx91NGj/ba3kCfza0f6dVDbw7YlRf/nDrn7pQrCCyQ/w==

find-cache-dir@^3.3.2:
  version "3.3.2"
  resolved "https://registry.yarnpkg.com/find-cache-dir/-/find-cache-dir-3.3.2.tgz#b30c5b6eff0730731aea9bbd9dbecbd80256d64b"
  integrity sha512-wXZV5emFEjrridIgED11OoUKLxiYjAcqot/NJdAkOhlJ+vGzwhOAfcG5OX1jP+S0PcjEn8bdMJv+g2jwQ3Onig==
  dependencies:
    commondir "^1.0.1"
    make-dir "^3.0.2"
    pkg-dir "^4.1.0"

find-up@^4.0.0:
  version "4.1.0"
  resolved "https://registry.yarnpkg.com/find-up/-/find-up-4.1.0.tgz#97afe7d6cdc0bc5928584b7c8d7b16e8a9aa5d19"
  integrity sha512-PpOwAdQ/YlXQ2vj8a3h8IipDuYRi3wceVQQGYWxNINccq40Anw7BlsEXCMbt1Zt+OLA6Fq9suIpIWD0OsnISlw==
  dependencies:
    locate-path "^5.0.0"
    path-exists "^4.0.0"

follow-redirects@^1.15.0:
  version "1.15.2"
  resolved "https://registry.yarnpkg.com/follow-redirects/-/follow-redirects-1.15.2.tgz#b460864144ba63f2681096f274c4e57026da2c13"
  integrity sha512-VQLG33o04KaQ8uYi2tVNbdrWp1QWxNNea+nmIB4EVM28v0hmP17z7aG1+wAkNzVq4KeXTq3221ye5qTJP91JwA==

form-data@^4.0.0:
  version "4.0.0"
  resolved "https://registry.yarnpkg.com/form-data/-/form-data-4.0.0.tgz#93919daeaf361ee529584b9b31664dc12c9fa452"
  integrity sha512-ETEklSGi5t0QMZuiXoA/Q6vcnxcLQP5vdugSpuAyi6SVGi2clPPp+xgEhuMaHC+zGgn31Kd235W35f7Hykkaww==
  dependencies:
    asynckit "^0.4.0"
    combined-stream "^1.0.8"
    mime-types "^2.1.12"

fsevents@~2.3.2:
  version "2.3.2"
  resolved "https://registry.yarnpkg.com/fsevents/-/fsevents-2.3.2.tgz#8a526f78b8fdf4623b709e0b975c52c24c02fd1a"
  integrity sha512-xiqMQR4xAeHTuB9uWm+fFRcIOgKBMiOBP+eXiyT7jsgVCq1bkVygt00oASowB7EdtpOHaaPgKt812P9ab+DDKA==

function-bind@^1.1.1:
  version "1.1.1"
  resolved "https://registry.yarnpkg.com/function-bind/-/function-bind-1.1.1.tgz#a56899d3ea3c9bab874bb9773b7c5ede92f4895d"
  integrity sha512-yIovAzMX49sF8Yl58fSCWJ5svSLuaibPxXQJFLmBObTuCr0Mf1KiPopGM9NiFjiYBCbfaa2Fh6breQ6ANVTI0A==

has@^1.0.3:
  version "1.0.3"
  resolved "https://registry.yarnpkg.com/has/-/has-1.0.3.tgz#722d7cbfc1f6aa8241f16dd814e011e1f41e8796"
  integrity sha512-f2dvO0VU6Oej7RkWJGrehjbzMAjFp5/VKPp5tTpWIV4JHHZK1/BxbFRtf/siA2SWTe09caDmVtYYzWEIbBS4zw==
  dependencies:
    function-bind "^1.1.1"

heatmap.js@^2.0.5:
  version "2.0.5"
  resolved "https://registry.yarnpkg.com/heatmap.js/-/heatmap.js-2.0.5.tgz#466d3b86513f5d49112a49d25700ab2730149153"
  integrity sha512-CG2gYFP5Cv9IQCXEg3ZRxnJDyAilhWnQlAuHYGuWVzv6mFtQelS1bR9iN80IyDmFECbFPbg6I0LR5uAFHgCthw==

iconv-lite@0.6:
  version "0.6.3"
  resolved "https://registry.yarnpkg.com/iconv-lite/-/iconv-lite-0.6.3.tgz#a52f80bf38da1952eb5c681790719871a1a72501"
  integrity sha512-4fCk79wshMdzMp2rH06qWrJE4iolqLhCUH+OiuIgU++RB0+94NlDL81atO7GX55uUKueo0txHNtvEyI6D7WdMw==
  dependencies:
    safer-buffer ">= 2.1.2 < 3.0.0"

"internmap@1 - 2":
  version "2.0.3"
  resolved "https://registry.yarnpkg.com/internmap/-/internmap-2.0.3.tgz#6685f23755e43c524e251d29cbc97248e3061009"
  integrity sha512-5Hh7Y1wQbvY5ooGgPbDaL5iYLAPzMTUrjMulskHLH6wnv/A+1q5rgEaiuqEjB+oxGXIVZs1FF+R/KPN3ZSQYYg==

is-core-module@^2.9.0:
  version "2.11.0"
  resolved "https://registry.yarnpkg.com/is-core-module/-/is-core-module-2.11.0.tgz#ad4cb3e3863e814523c96f3f58d26cc570ff0144"
  integrity sha512-RRjxlvLDkD1YJwDbroBHMb+cukurkDWNyHx7D3oNB5x9rb5ogcksMC5wHCadcXoo67gVr/+3GFySh3134zi6rw==
  dependencies:
    has "^1.0.3"

leaflet@^1.9.2:
  version "1.9.2"
  resolved "https://registry.yarnpkg.com/leaflet/-/leaflet-1.9.2.tgz#168b6c6ef1d4d1e8409bde2c4ad050c249c4dbe6"
  integrity sha512-Kc77HQvWO+y9y2oIs3dn5h5sy2kr3j41ewdqCMEUA4N89lgfUUfOBy7wnnHEstDpefiGFObq12FdopGRMx4J7g==

locate-path@^5.0.0:
  version "5.0.0"
  resolved "https://registry.yarnpkg.com/locate-path/-/locate-path-5.0.0.tgz#1afba396afd676a6d42504d0a67a3a7eb9f62aa0"
  integrity sha512-t7hw9pI+WvuwNJXwk5zVHpyhIqzg2qTlklJOf0mVxGSbe3Fp2VieZcduNYjaLDoy6p9uGpQEGWG87WpMKlNq8g==
  dependencies:
    p-locate "^4.1.0"

magic-string@^0.25.7:
  version "0.25.9"
  resolved "https://registry.yarnpkg.com/magic-string/-/magic-string-0.25.9.tgz#de7f9faf91ef8a1c91d02c2e5314c8277dbcdd1c"
  integrity sha512-RmF0AsMzgt25qzqqLc1+MbHmhdx0ojF2Fvs4XnOqz2ZOBXzzkEwc/dJQZCYHAn7v1jbVOjAZfK8msRn4BxO4VQ==
  dependencies:
    sourcemap-codec "^1.4.8"

make-dir@^3.0.2:
  version "3.1.0"
  resolved "https://registry.yarnpkg.com/make-dir/-/make-dir-3.1.0.tgz#415e967046b3a7f1d185277d84aa58203726a13f"
  integrity sha512-g3FeP20LNwhALb/6Cz6Dd4F2ngze0jz7tbzrD2wAV+o9FeNHe4rL+yK2md0J/fiSf1sa1ADhXqi5+oVwOM/eGw==
  dependencies:
    semver "^6.0.0"

mime-db@1.52.0:
  version "1.52.0"
  resolved "https://registry.yarnpkg.com/mime-db/-/mime-db-1.52.0.tgz#bbabcdc02859f4987301c856e3387ce5ec43bf70"
  integrity sha512-sPU4uV7dYlvtWJxwwxHD0PuihVNiE7TyAbQ5SWxDCB9mUYvOgroQOwYQQOKPJ8CIbE+1ETVlOoK1UC2nU3gYvg==

mime-types@^2.1.12:
  version "2.1.35"
  resolved "https://registry.yarnpkg.com/mime-types/-/mime-types-2.1.35.tgz#381a871b62a734450660ae3deee44813f70d959a"
  integrity sha512-ZDY+bPm5zTTF+YpCrAU9nK0UgICYPT0QtT1NZWFv4s++TNkcgVaT0g6+4R2uI4MjQjzysHB1zxuWL50hzaeXiw==
  dependencies:
    mime-db "1.52.0"

ms@2.1.2:
  version "2.1.2"
  resolved "https://registry.yarnpkg.com/ms/-/ms-2.1.2.tgz#d09d1f357b443f493382a8eb3ccd183872ae6009"
  integrity sha512-sGkPx+VjMtmA6MX27oA4FBFELFCZZ4S4XqeGOXCv68tT+jb3vk/RyaKWP0PTKyWtmLSM0b+adUTEvbs1PEaH2w==

nanoid@^3.3.4:
  version "3.3.4"
  resolved "https://registry.yarnpkg.com/nanoid/-/nanoid-3.3.4.tgz#730b67e3cd09e2deacf03c027c81c9d9dbc5e8ab"
  integrity sha512-MqBkQh/OHTS2egovRtLk45wEyNXwF+cokD+1YPf9u5VfJiRdAiRwB2froX5Co9Rh20xs4siNPm8naNotSD6RBw==

p-limit@^2.2.0:
  version "2.3.0"
  resolved "https://registry.yarnpkg.com/p-limit/-/p-limit-2.3.0.tgz#3dd33c647a214fdfffd835933eb086da0dc21db1"
  integrity sha512-//88mFWSJx8lxCzwdAABTJL2MyWB12+eIY7MDL2SqLmAkeKU9qxRvWuSyTjm3FUmpBEMuFfckAIqEaVGUDxb6w==
  dependencies:
    p-try "^2.0.0"

p-locate@^4.1.0:
  version "4.1.0"
  resolved "https://registry.yarnpkg.com/p-locate/-/p-locate-4.1.0.tgz#a3428bb7088b3a60292f66919278b7c297ad4f07"
  integrity sha512-R79ZZ/0wAxKGu3oYMlz8jy/kbhsNrS7SKZ7PxEHBgJ5+F2mtFW2fK2cOtBh1cHYkQsbzFV7I+EoRKe6Yt0oK7A==
  dependencies:
    p-limit "^2.2.0"

p-try@^2.0.0:
  version "2.2.0"
  resolved "https://registry.yarnpkg.com/p-try/-/p-try-2.2.0.tgz#cb2868540e313d61de58fafbe35ce9004d5540e6"
  integrity sha512-R4nPAVTAU0B9D35/Gk3uJf/7XYbQcyohSKdvAxIRSNghFl4e71hVoGnBNQz9cWaXxO2I10KTC+3jMdvvoKw6dQ==

path-exists@^4.0.0:
  version "4.0.0"
  resolved "https://registry.yarnpkg.com/path-exists/-/path-exists-4.0.0.tgz#513bdbe2d3b95d7762e8c1137efa195c6c61b5b3"
  integrity sha512-ak9Qy5Q7jYb2Wwcey5Fpvg2KoAc/ZIhLSLOSBmRmygPsGwkVVt0fZa0qrtMz+m6tJTAHfZQ8FnmB4MG4LWy7/w==

path-parse@^1.0.7:
  version "1.0.7"
  resolved "https://registry.yarnpkg.com/path-parse/-/path-parse-1.0.7.tgz#fbc114b60ca42b30d9daf5858e4bd68bbedb6735"
  integrity sha512-LDJzPVEEEPR+y48z93A0Ed0yXb8pAByGWo/k5YYdYgpY2/2EsOsksJrq7lOHxryrVOn1ejG6oAp8ahvOIQD8sw==

picocolors@^1.0.0:
  version "1.0.0"
  resolved "https://registry.yarnpkg.com/picocolors/-/picocolors-1.0.0.tgz#cb5bdc74ff3f51892236eaf79d68bc44564ab81c"
  integrity sha512-1fygroTLlHu66zi26VoTDv8yRgm0Fccecssto+MhsZ0D/DGW2sm8E8AjW7NU5VVTRt5GxbeZ5qBuJr+HyLYkjQ==

pkg-dir@^4.1.0:
  version "4.2.0"
  resolved "https://registry.yarnpkg.com/pkg-dir/-/pkg-dir-4.2.0.tgz#f099133df7ede422e81d1d8448270eeb3e4261f3"
  integrity sha512-HRDzbaKjC+AOWVXxAU/x54COGeIv9eb+6CkDSQoNTt4XyWoIJvuPsXizxu/Fr23EiekbtZwmh1IcIG/l/a10GQ==
  dependencies:
    find-up "^4.0.0"

postcss@^8.1.10, postcss@^8.4.18:
  version "8.4.18"
  resolved "https://registry.yarnpkg.com/postcss/-/postcss-8.4.18.tgz#6d50046ea7d3d66a85e0e782074e7203bc7fbca2"
  integrity sha512-Wi8mWhncLJm11GATDaQKobXSNEYGUHeQLiQqDFG1qQ5UTDPTEvKw0Xt5NsTpktGTwLps3ByrWsBrG0rB8YQ9oA==
  dependencies:
    nanoid "^3.3.4"
    picocolors "^1.0.0"
    source-map-js "^1.0.2"

proxy-from-env@^1.1.0:
  version "1.1.0"
  resolved "https://registry.yarnpkg.com/proxy-from-env/-/proxy-from-env-1.1.0.tgz#e102f16ca355424865755d2c9e8ea4f24d58c3e2"
  integrity sha512-D+zkORCbA9f1tdWRK0RaCR3GPv50cMxcrz4X8k5LTSUD1Dkw47mKJEZQNunItRTkWwgtaUSo1RVFRIG9ZXiFYg==

resolve@^1.22.1:
  version "1.22.1"
  resolved "https://registry.yarnpkg.com/resolve/-/resolve-1.22.1.tgz#27cb2ebb53f91abb49470a928bba7558066ac177"
  integrity sha512-nBpuuYuY5jFsli/JIs1oldw6fOQCBioohqWZg/2hiaOybXOft4lonv85uDOKXdf8rhyK159cxU5cDcK/NKk8zw==
  dependencies:
    is-core-module "^2.9.0"
    path-parse "^1.0.7"
    supports-preserve-symlinks-flag "^1.0.0"

roboto-fontface@*:
  version "0.10.0"
  resolved "https://registry.yarnpkg.com/roboto-fontface/-/roboto-fontface-0.10.0.tgz#7eee40cfa18b1f7e4e605eaf1a2740afb6fd71b0"
  integrity sha512-OlwfYEgA2RdboZohpldlvJ1xngOins5d7ejqnIBWr9KaMxsnBqotpptRXTyfNRLnFpqzX6sTDt+X+a+6udnU8g==

robust-predicates@^3.0.0:
  version "3.0.1"
  resolved "https://registry.yarnpkg.com/robust-predicates/-/robust-predicates-3.0.1.tgz#ecde075044f7f30118682bd9fb3f123109577f9a"
  integrity sha512-ndEIpszUHiG4HtDsQLeIuMvRsDnn8c8rYStabochtUeCvfuvNptb5TUbVD68LRAILPX7p9nqQGh4xJgn3EHS/g==

rollup@^2.79.1:
  version "2.79.1"
  resolved "https://registry.yarnpkg.com/rollup/-/rollup-2.79.1.tgz#bedee8faef7c9f93a2647ac0108748f497f081c7"
  integrity sha512-uKxbd0IhMZOhjAiD5oAFp7BqvkA4Dv47qpOCtaNvng4HBwdbWtdOh8f5nZNuk2rp51PMGk3bzfWu5oayNEuYnw==
  optionalDependencies:
    fsevents "~2.3.2"

rw@1:
  version "1.3.3"
  resolved "https://registry.yarnpkg.com/rw/-/rw-1.3.3.tgz#3f862dfa91ab766b14885ef4d01124bfda074fb4"
  integrity sha512-PdhdWy89SiZogBLaw42zdeqtRJ//zFd2PgQavcICDUgJT5oW10QCRKbJ6bg4r0/UY2M6BWd5tkxuGFRvCkgfHQ==

"safer-buffer@>= 2.1.2 < 3.0.0":
  version "2.1.2"
  resolved "https://registry.yarnpkg.com/safer-buffer/-/safer-buffer-2.1.2.tgz#44fa161b0187b9549dd84bb91802f9bd8385cd6a"
  integrity sha512-YZo3K82SD7Riyi0E1EQPojLz7kpepnSQI9IyPbHHg1XXXevb5dJI7tpyN2ADxGcQbHG7vcyRHk0cbwqcQriUtg==

semver@^6.0.0:
  version "6.3.0"
  resolved "https://registry.yarnpkg.com/semver/-/semver-6.3.0.tgz#ee0a64c8af5e8ceea67687b133761e1becbd1d3d"
  integrity sha512-b39TBaTSfV6yBrapU89p5fKekE2m/NwnDocOVruQFS1/veMgdzuPcnOM34M6CwxW8jH/lxEa5rBoDeUwu5HHTw==

source-map-js@^1.0.2:
  version "1.0.2"
  resolved "https://registry.yarnpkg.com/source-map-js/-/source-map-js-1.0.2.tgz#adbc361d9c62df380125e7f161f71c826f1e490c"
  integrity sha512-R0XvVJ9WusLiqTCEiGCmICCMplcCkIwwR11mOSD9CR5u+IXYdiseeEuXCVAjS54zqwkLcPNnmU4OeJ6tUrWhDw==

source-map@^0.6.1:
  version "0.6.1"
  resolved "https://registry.yarnpkg.com/source-map/-/source-map-0.6.1.tgz#74722af32e9614e9c287a8d0bbde48b5e2f1a263"
  integrity sha512-UjgapumWlbMhkBgzT7Ykc5YXUT46F0iKu8SGXq0bcwP5dz/h0Plj6enJqjz1Zbq2l5WaqYnrVbwWOWMyF3F47g==

sourcemap-codec@^1.4.8:
  version "1.4.8"
  resolved "https://registry.yarnpkg.com/sourcemap-codec/-/sourcemap-codec-1.4.8.tgz#ea804bd94857402e6992d05a38ef1ae35a9ab4c4"
  integrity sha512-9NykojV5Uih4lgo5So5dtw+f0JgJX30KCNI8gwhz2J9A15wD0Ml6tjHKwf6fTSa6fAdVBdZeNOs9eJ71qCk8vA==

supports-preserve-symlinks-flag@^1.0.0:
  version "1.0.0"
  resolved "https://registry.yarnpkg.com/supports-preserve-symlinks-flag/-/supports-preserve-symlinks-flag-1.0.0.tgz#6eda4bd344a3c94aea376d4cc31bc77311039e09"
  integrity sha512-ot0WnXS9fgdkgIcePe6RHNk1WA8+muPa6cSjeR3V8K27q9BB1rTE3R1p7Hv0z1ZyAc8s6Vvv8DIyWf681MAt0w==

upath@^2.0.1:
  version "2.0.1"
  resolved "https://registry.yarnpkg.com/upath/-/upath-2.0.1.tgz#50c73dea68d6f6b990f51d279ce6081665d61a8b"
  integrity sha512-1uEe95xksV1O0CYKXo8vQvN1JEbtJp7lb7C5U9HMsIp6IVwntkH/oNUzyVNQSd4S1sYk2FpSSW44FqMc8qee5w==

vite-plugin-vuetify@^1.0.0-alpha.12:
  version "1.0.0"
  resolved "https://registry.yarnpkg.com/vite-plugin-vuetify/-/vite-plugin-vuetify-1.0.0.tgz#41139404d8be584debcc2582b5e015681aa5539e"
  integrity sha512-30+W6H//wjOegKCha4wQ3IS+JyXDE6IayL5cK5S4IrM7WIceV/WitnxljbPZHER+Jyl3BGIuYV6nofjMOfRO1g==
  dependencies:
    "@vuetify/loader-shared" "^1.7.0"
    debug "^4.3.3"
    upath "^2.0.1"

vite@^3.1.8:
  version "3.2.2"
  resolved "https://registry.yarnpkg.com/vite/-/vite-3.2.2.tgz#280762bfaf47bcea1d12698427331c0009ac7c1f"
  integrity sha512-pLrhatFFOWO9kS19bQ658CnRYzv0WLbsPih6R+iFeEEhDOuYgYCX2rztUViMz/uy/V8cLCJvLFeiOK7RJEzHcw==
  dependencies:
    esbuild "^0.15.9"
    postcss "^8.4.18"
    resolve "^1.22.1"
    rollup "^2.79.1"
  optionalDependencies:
    fsevents "~2.3.2"

vue@^3.2.38:
  version "3.2.41"
  resolved "https://registry.yarnpkg.com/vue/-/vue-3.2.41.tgz#ed452b8a0f7f2b962f055c8955139c28b1c06806"
  integrity sha512-uuuvnrDXEeZ9VUPljgHkqB5IaVO8SxhPpqF2eWOukVrBnRBx2THPSGQBnVRt0GrIG1gvCmFXMGbd7FqcT1ixNQ==
  dependencies:
    "@vue/compiler-dom" "3.2.41"
    "@vue/compiler-sfc" "3.2.41"
    "@vue/runtime-dom" "3.2.41"
    "@vue/server-renderer" "3.2.41"
    "@vue/shared" "3.2.41"

vuetify@^3.0.0:
  version "3.0.0"
  resolved "https://registry.yarnpkg.com/vuetify/-/vuetify-3.0.0.tgz#372eed0663f0ffba53439cd99aa46031e560b0f4"
  integrity sha512-0olLmKWb+oTaebGTM02+1fWaAgnGDuIt86K3jDv2LnALQ2atSzhDS1SSASJsJCZ2PgFBdDAeJVLcNWWavRYAlQ==

webfontloader@^1.0.0:
  version "1.6.28"
  resolved "https://registry.yarnpkg.com/webfontloader/-/webfontloader-1.6.28.tgz#db786129253cb6e8eae54c2fb05f870af6675bae"
  integrity sha512-Egb0oFEga6f+nSgasH3E0M405Pzn6y3/9tOVanv/DLfa1YBIgcv90L18YyWnvXkRbIM17v5Kv6IT2N6g1x5tvQ==
